
Microsoft Visual Studio Solution File, Format Version 12.00
# Visual Studio Version 16
VisualStudioVersion = 16.0.28922.388
MinimumVisualStudioVersion = 10.0.40219.1
Project("{FAE04EC0-301F-11D3-BF4B-00C04F79EFBC}") = "TICTACTOE_5x5_game", "TICTACTOE_5x5_game\TICTACTOE_5x5_game.csproj", "{4F30F73D-7CD9-4033-9ADE-06A70DD8B6DE}"
EndProject
Global
	GlobalSection(SolutionConfigurationPlatforms) = preSolution
		Debug|Any CPU = Debug|Any CPU
		Release|Any CPU = Release|Any CPU
	EndGlobalSection
	GlobalSection(ProjectConfigurationPlatforms) = postSolution
		{4F30F73D-7CD9-4033-9ADE-06A70DD8B6DE}.Debug|Any CPU.ActiveCfg = Debug|Any CPU
		{4F30F73D-7CD9-4033-9ADE-06A70DD8B6DE}.Debug|Any CPU.Build.0 = Debug|Any CPU
		{4F30F73D-7CD9-4033-9ADE-06A70DD8B6DE}.Release|Any CPU.ActiveCfg = Release|Any CPU
		{4F30F73D-7CD9-4033-9ADE-06A70DD8B6DE}.Release|Any CPU.Build.0 = Release|Any CPU
	EndGlobalSection
	GlobalSection(SolutionProperties) = preSolution
		HideSolutionNode = FALSE
	EndGlobalSection
	GlobalSection(ExtensibilityGlobals) = postSolution
		SolutionGuid = {461EDC40-F17D-4A4B-AC52-008FE6C7C787}
	EndGlobalSection
EndGlobal
